// !$*UTF8*$!
{
	archiveVersion = 1;
	classes = {
	};
	objectVersion = 46;
	objects = {

/* Begin PBXBuildFile section */
		D766DAEF1B0CCEBA00FA3122 /* AppDelegate.swift in Sources */ = {isa = PBXBuildFile; fileRef = D766DAEE1B0CCEBA00FA3122 /* AppDelegate.swift */; };
		D766DAF11B0CCEBA00FA3122 /* GameScene.sks in Resources */ = {isa = PBXBuildFile; fileRef = D766DAF01B0CCEBA00FA3122 /* GameScene.sks */; };
		D766DAF31B0CCEBA00FA3122 /* GameScene.swift in Sources */ = {isa = PBXBuildFile; fileRef = D766DAF21B0CCEBA00FA3122 /* GameScene.swift */; };
		D766DAF51B0CCEBA00FA3122 /* GameViewController.swift in Sources */ = {isa = PBXBuildFile; fileRef = D766DAF41B0CCEBA00FA3122 /* GameViewController.swift */; };
		D766DAF81B0CCEBB00FA3122 /* Main.storyboard in Resources */ = {isa = PBXBuildFile; fileRef = D766DAF61B0CCEBA00FA3122 /* Main.storyboard */; };
		D766DAFA1B0CCEBB00FA3122 /* Images.xcassets in Resources */ = {isa = PBXBuildFile; fileRef = D766DAF91B0CCEBB00FA3122 /* Images.xcassets */; };
		D766DAFD1B0CCEBB00FA3122 /* LaunchScreen.xib in Resources */ = {isa = PBXBuildFile; fileRef = D766DAFB1B0CCEBB00FA3122 /* LaunchScreen.xib */; };
		D766DB091B0CCEBB00FA3122 /* FlappyTests.swift in Sources */ = {isa = PBXBuildFile; fileRef = D766DB081B0CCEBB00FA3122 /* FlappyTests.swift */; };
/* End PBXBuildFile section */

/* Begin PBXContainerItemProxy section */
		D766DB031B0CCEBB00FA3122 /* PBXContainerItemProxy */ = {
			isa = PBXContainerItemProxy;
			containerPortal = D766DAE11B0CCEBA00FA3122 /* Project object */;
			proxyType = 1;
			remoteGlobalIDString = D766DAE81B0CCEBA00FA3122;
			remoteInfo = Flappy;
		};
/* End PBXContainerItemProxy section */

/* Begin PBXFileReference section */
		D766DAE91B0CCEBA00FA3122 /* Flappy.app */ = {isa = PBXFileReference; explicitFileType = wrapper.application; includeInIndex = 0; path = Flappy.app; sourceTree = BUILT_PRODUCTS_DIR; };
		D766DAED1B0CCEBA00FA3122 /* Info.plist */ = {isa = PBXFileReference; lastKnownFileType = text.plist.xml; path = Info.plist; sourceTree = "<group>"; };
		D766DAEE1B0CCEBA00FA3122 /* AppDelegate.swift */ = {isa = PBXFileReference; lastKnownFileType = sourcecode.swift; path = AppDelegate.swift; sourceTree = "<group>"; };
		D766DAF01B0CCEBA00FA3122 /* GameScene.sks */ = {isa = PBXFileReference; lastKnownFileType = file.sks; path = GameScene.sks; sourceTree = "<group>"; };
		D766DAF21B0CCEBA00FA3122 /* GameScene.swift */ = {isa = PBXFileReference; lastKnownFileType = sourcecode.swift; path = GameScene.swift; sourceTree = "<group>"; };
		D766DAF41B0CCEBA00FA3122 /* GameViewController.swift */ = {isa = PBXFileReference; lastKnownFileType = sourcecode.swift; path = GameViewController.swift; sourceTree = "<group>"; };
		D766DAF71B0CCEBA00FA3122 /* Base */ = {isa = PBXFileReference; lastKnownFileType = file.storyboard; name = Base; path = Base.lproj/Main.storyboard; sourceTree = "<group>"; };
		D766DAF91B0CCEBB00FA3122 /* Images.xcassets */ = {isa = PBXFileReference; lastKnownFileType = folder.assetcatalog; path = Images.xcassets; sourceTree = "<group>"; };
		D766DAFC1B0CCEBB00FA3122 /* Base */ = {isa = PBXFileReference; lastKnownFileType = file.xib; name = Base; path = Base.lproj/LaunchScreen.xib; sourceTree = "<group>"; };
		D766DB021B0CCEBB00FA3122 /* FlappyTests.xctest */ = {isa = PBXFileReference; explicitFileType = wrapper.cfbundle; includeInIndex = 0; path = FlappyTests.xctest; sourceTree = BUILT_PRODUCTS_DIR; };
		D766DB071B0CCEBB00FA3122 /* Info.plist */ = {isa = PBXFileReference; lastKnownFileType = text.plist.xml; path = Info.plist; sourceTree = "<group>"; };
		D766DB081B0CCEBB00FA3122 /* FlappyTests.swift */ = {isa = PBXFileReference; lastKnownFileType = sourcecode.swift; path = FlappyTests.swift; sourceTree = "<group>"; };
/* End PBXFileReference section */

/* Begin PBXFrameworksBuildPhase section */
		D766DAE61B0CCEBA00FA3122 /* Frameworks */ = {
			isa = PBXFrameworksBuildPhase;
			buildActionMask = 2147483647;
			files = (
			);
			runOnlyForDeploymentPostprocessing = 0;
		};
		D766DAFF1B0CCEBB00FA3122 /* Frameworks */ = {
			isa = PBXFrameworksBuildPhase;
			buildActionMask = 2147483647;
			files = (
			);
			runOnlyForDeploymentPostprocessing = 0;
		};
/* End PBXFrameworksBuildPhase section */

/* Begin PBXGroup section */
		D766DAE01B0CCEBA00FA3122 = {
			isa = PBXGroup;
			children = (
				D766DAEB1B0CCEBA00FA3122 /* Flappy */,
				D766DB051B0CCEBB00FA3122 /* FlappyTests */,
				D766DAEA1B0CCEBA00FA3122 /* Products */,
			);
			sourceTree = "<group>";
		};
		D766DAEA1B0CCEBA00FA3122 /* Products */ = {
			isa = PBXGroup;
			children = (
				D766DAE91B0CCEBA00FA3122 /* Flappy.app */,
				D766DB021B0CCEBB00FA3122 /* FlappyTests.xctest */,
			);
			name = Products;
			sourceTree = "<group>";
		};
		D766DAEB1B0CCEBA00FA3122 /* Flappy */ = {
			isa = PBXGroup;
			children = (
				D766DAEE1B0CCEBA00FA3122 /* AppDelegate.swift */,
				D766DAF01B0CCEBA00FA3122 /* GameScene.sks */,
				D766DAF21B0CCEBA00FA3122 /* GameScene.swift */,
				D766DAF41B0CCEBA00FA3122 /* GameViewController.swift */,
				D766DAF61B0CCEBA00FA3122 /* Main.storyboard */,
				D766DAF91B0CCEBB00FA3122 /* Images.xcassets */,
				D766DAFB1B0CCEBB00FA3122 /* LaunchScreen.xib */,
				D766DAEC1B0CCEBA00FA3122 /* Supporting Files */,
			);
			path = Flappy;
			sourceTree = "<group>";
		};
		D766DAEC1B0CCEBA00FA3122 /* Supporting Files */ = {
			isa = PBXGroup;
			children = (
				D766DAED1B0CCEBA00FA3122 /* Info.plist */,
			);
			name = "Supporting Files";
			sourceTree = "<group>";
		};
		D766DB051B0CCEBB00FA3122 /* FlappyTests */ = {
			isa = PBXGroup;
			children = (
				D766DB081B0CCEBB00FA3122 /* FlappyTests.swift */,
				D766DB061B0CCEBB00FA3122 /* Supporting Files */,
			);
			path = FlappyTests;
			sourceTree = "<group>";
		};
		D766DB061B0CCEBB00FA3122 /* Supporting Files */ = {
			isa = PBXGroup;
			children = (
				D766DB071B0CCEBB00FA3122 /* Info.plist */,
			);
			name = "Supporting Files";
			sourceTree = "<group>";
		};
/* End PBXGroup section */

/* Begin PBXNativeTarget section */
		D766DAE81B0CCEBA00FA3122 /* Flappy */ = {
			isa = PBXNativeTarget;
			buildConfigurationList = D766DB0C1B0CCEBB00FA3122 /* Build configuration list for PBXNativeTarget "Flappy" */;
			buildPhases = (
				D766DAE51B0CCEBA00FA3122 /* Sources */,
				D766DAE61B0CCEBA00FA3122 /* Frameworks */,
				D766DAE71B0CCEBA00FA3122 /* Resources */,
			);
			buildRules = (
			);
			dependencies = (
			);
			name = Flappy;
			productName = Flappy;
			productReference = D766DAE91B0CCEBA00FA3122 /* Flappy.app */;
			productType = "com.apple.product-type.application";
		};
		D766DB011B0CCEBB00FA3122 /* FlappyTests */ = {
			isa = PBXNativeTarget;
			buildConfigurationList = D766DB0F1B0CCEBB00FA3122 /* Build configuration list for PBXNativeTarget "FlappyTests" */;
			buildPhases = (
				D766DAFE1B0CCEBB00FA3122 /* Sources */,
				D766DAFF1B0CCEBB00FA3122 /* Frameworks */,
				D766DB001B0CCEBB00FA3122 /* Resources */,
			);
			buildRules = (
			);
			dependencies = (
				D766DB041B0CCEBB00FA3122 /* PBXTargetDependency */,
			);
			name = FlappyTests;
			productName = FlappyTests;
			productReference = D766DB021B0CCEBB00FA3122 /* FlappyTests.xctest */;
			productType = "com.apple.product-type.bundle.unit-test";
		};
/* End PBXNativeTarget section */

/* Begin PBXProject section */
		D766DAE11B0CCEBA00FA3122 /* Project object */ = {
			isa = PBXProject;
			attributes = {
				LastUpgradeCheck = 0600;
				ORGANIZATIONNAME = chad;
				TargetAttributes = {
					D766DAE81B0CCEBA00FA3122 = {
						CreatedOnToolsVersion = 6.0.1;
					};
					D766DB011B0CCEBB00FA3122 = {
						CreatedOnToolsVersion = 6.0.1;
						TestTargetID = D766DAE81B0CCEBA00FA3122;
					};
				};
			};
			buildConfigurationList = D766DAE41B0CCEBA00FA3122 /* Build configuration list for PBXProject "Flappy" */;
			compatibilityVersion = "Xcode 3.2";
			developmentRegion = English;
			hasScannedForEncodings = 0;
			knownRegions = (
				en,
				Base,
			);
			mainGroup = D766DAE01B0CCEBA00FA3122;
			productRefGroup = D766DAEA1B0CCEBA00FA3122 /* Products */;
			projectDirPath = "";
			projectRoot = "";
			targets = (
				D766DAE81B0CCEBA00FA3122 /* Flappy */,
				D766DB011B0CCEBB00FA3122 /* FlappyTests */,
			);
		};
/* End PBXProject section */

/* Begin PBXResourcesBuildPhase section */
		D766DAE71B0CCEBA00FA3122 /* Resources */ = {
			isa = PBXResourcesBuildPhase;
			buildActionMask = 2147483647;
			files = (
				D766DAFD1B0CCEBB00FA3122 /* LaunchScreen.xib in Resources */,
				D766DAFA1B0CCEBB00FA3122 /* Images.xcassets in Resources */,
				D766DAF11B0CCEBA00FA3122 /* GameScene.sks in Resources */,
				D766DAF81B0CCEBB00FA3122 /* Main.storyboard in Resources */,
			);
			runOnlyForDeploymentPostprocessing = 0;
		};
		D766DB001B0CCEBB00FA3122 /* Resources */ = {
			isa = PBXResourcesBuildPhase;
			buildActionMask = 2147483647;
			files = (
			);
			runOnlyForDeploymentPostprocessing = 0;
		};
/* End PBXResourcesBuildPhase section */

/* Begin PBXSourcesBuildPhase section */
		D766DAE51B0CCEBA00FA3122 /* Sources */ = {
			isa = PBXSourcesBuildPhase;
			buildActionMask = 2147483647;
			files = (
				D766DAF31B0CCEBA00FA3122 /* GameScene.swift in Sources */,
				D766DAF51B0CCEBA00FA3122 /* GameViewController.swift in Sources */,
				D766DAEF1B0CCEBA00FA3122 /* AppDelegate.swift in Sources */,
			);
			runOnlyForDeploymentPostprocessing = 0;
		};
		D766DAFE1B0CCEBB00FA3122 /* Sources */ = {
			isa = PBXSourcesBuildPhase;
			buildActionMask = 2147483647;
			files = (
				D766DB091B0CCEBB00FA3122 /* FlappyTests.swift in Sources */,
			);
			runOnlyForDeploymentPostprocessing = 0;
		};
/* End PBXSourcesBuildPhase section */

/* Begin PBXTargetDependency section */
		D766DB041B0CCEBB00FA3122 /* PBXTargetDependency */ = {
			isa = PBXTargetDependency;
			target = D766DAE81B0CCEBA00FA3122 /* Flappy */;
			targetProxy = D766DB031B0CCEBB00FA3122 /* PBXContainerItemProxy */;
		};
/* End PBXTargetDependency section */

/* Begin PBXVariantGroup section */
		D766DAF61B0CCEBA00FA3122 /* Main.storyboard */ = {
			isa = PBXVariantGroup;
			children = (
				D766DAF71B0CCEBA00FA3122 /* Base */,
			);
			name = Main.storyboard;
			sourceTree = "<group>";
		};
		D766DAFB1B0CCEBB00FA3122 /* LaunchScreen.xib */ = {
			isa = PBXVariantGroup;
			children = (
				D766DAFC1B0CCEBB00FA3122 /* Base */,
			);
			name = LaunchScreen.xib;
			sourceTree = "<group>";
		};
/* End PBXVariantGroup section */

/* Begin XCBuildConfiguration section */
		D766DB0A1B0CCEBB00FA3122 /* Debug */ = {
			isa = XCBuildConfiguration;
			buildSettings = {
				ALWAYS_SEARCH_USER_PATHS = NO;
				CLANG_CXX_LANGUAGE_STANDARD = "gnu++0x";
				CLANG_CXX_LIBRARY = "libc++";
				CLANG_ENABLE_MODULES = YES;
				CLANG_ENABLE_OBJC_ARC = YES;
				CLANG_WARN_BOOL_CONVERSION = YES;
				CLANG_WARN_CONSTANT_CONVERSION = YES;
				CLANG_WARN_DIRECT_OBJC_ISA_USAGE = YES_ERROR;
				CLANG_WARN_EMPTY_BODY = YES;
				CLANG_WARN_ENUM_CONVERSION = YES;
				CLANG_WARN_INT_CONVERSION = YES;
				CLANG_WARN_OBJC_ROOT_CLASS = YES_ERROR;
				CLANG_WARN_UNREACHABLE_CODE = YES;
				CLANG_WARN__DUPLICATE_METHOD_MATCH = YES;
				"CODE_SIGN_IDENTITY[sdk=iphoneos*]" = "iPhone Developer";
				COPY_PHASE_STRIP = NO;
				ENABLE_STRICT_OBJC_MSGSEND = YES;
				GCC_C_LANGUAGE_STANDARD = gnu99;
				GCC_DYNAMIC_NO_PIC = NO;
				GCC_OPTIMIZATION_LEVEL = 0;
				GCC_PREPROCESSOR_DEFINITIONS = (
					"DEBUG=1",
					"$(inherited)",
				);
				GCC_SYMBOLS_PRIVATE_EXTERN = NO;
				GCC_WARN_64_TO_32_BIT_CONVERSION = YES;
				GCC_WARN_ABOUT_RETURN_TYPE = YES_ERROR;
				GCC_WARN_UNDECLARED_SELECTOR = YES;
				GCC_WARN_UNINITIALIZED_AUTOS = YES_AGGRESSIVE;
				GCC_WARN_UNUSED_FUNCTION = YES;
				GCC_WARN_UNUSED_VARIABLE = YES;
				IPHONEOS_DEPLOYMENT_TARGET = 8.0;
				MTL_ENABLE_DEBUG_INFO = YES;
				ONLY_ACTIVE_ARCH = YES;
				SDKROOT = iphoneos;
				SWIFT_OPTIMIZATION_LEVEL = "-Onone";
			};
			name = Debug;
		};
		D766DB0B1B0CCEBB00FA3122 /* Release */ = {
			isa = XCBuildConfiguration;
			buildSettings = {
				ALWAYS_SEARCH_USER_PATHS = NO;
				CLANG_CXX_LANGUAGE_STANDARD = "gnu++0x";
				CLANG_CXX_LIBRARY = "libc++";
				CLANG_ENABLE_MODULES = YES;
				CLANG_ENABLE_OBJC_ARC = YES;
				CLANG_WARN_BOOL_CONVERSION = YES;
				CLANG_WARN_CONSTANT_CONVERSION = YES;
				CLANG_WARN_DIRECT_OBJC_ISA_USAGE = YES_ERROR;
				CLANG_WARN_EMPTY_BODY = YES;
				CLANG_WARN_ENUM_CONVERSION = YES;
				CLANG_WARN_INT_CONVERSION = YES;
				CLANG_WARN_OBJC_ROOT_CLASS = YES_ERROR;
				CLANG_WARN_UNREACHABLE_CODE = YES;
				CLANG_WARN__DUPLICATE_METHOD_MATCH = YES;
				"CODE_SIGN_IDENTITY[sdk=iphoneos*]" = "iPhone Developer";
				COPY_PHASE_STRIP = YES;
				ENABLE_NS_ASSERTIONS = NO;
				ENABLE_STRICT_OBJC_MSGSEND = YES;
				GCC_C_LANGUAGE_STANDARD = gnu99;
				GCC_WARN_64_TO_32_BIT_CONVERSION = YES;
				GCC_WARN_ABOUT_RETURN_TYPE = YES_ERROR;
				GCC_WARN_UNDECLARED_SELECTOR = YES;
				GCC_WARN_UNINITIALIZED_AUTOS = YES_AGGRESSIVE;
				GCC_WARN_UNUSED_FUNCTION = YES;
				GCC_WARN_UNUSED_VARIABLE = YES;
				IPHONEOS_DEPLOYMENT_TARGET = 8.0;
				MTL_ENABLE_DEBUG_INFO = NO;
				SDKROOT = iphoneos;
				VALIDATE_PRODUCT = YES;
			};
			name = Release;
		};
		D766DB0D1B0CCEBB00FA3122 /* Debug */ = {
			isa = XCBuildConfiguration;
			buildSettings = {
				ASSETCATALOG_COMPILER_APPICON_NAME = AppIcon;
				INFOPLIST_FILE = Flappy/Info.plist;
				LD_RUNPATH_SEARCH_PATHS = "$(inherited) @executable_path/Frameworks";
				PRODUCT_NAME = "$(TARGET_NAME)";
			};
			name = Debug;
		};
		D766DB0E1B0CCEBB00FA3122 /* Release */ = {
			isa = XCBuildConfiguration;
			buildSettings = {
				ASSETCATALOG_COMPILER_APPICON_NAME = AppIcon;
				INFOPLIST_FILE = Flappy/Info.plist;
				LD_RUNPATH_SEARCH_PATHS = "$(inherited) @executable_path/Frameworks";
				PRODUCT_NAME = "$(TARGET_NAME)";
			};
			name = Release;
		};
		D766DB101B0CCEBB00FA3122 /* Debug */ = {
			isa = XCBuildConfiguration;
			buildSettings = {
				BUNDLE_LOADER = "$(TEST_HOST)";
				FRAMEWORK_SEARCH_PATHS = (
					"$(SDKROOT)/Developer/Library/Frameworks",
					"$(inherited)",
				);
				GCC_PREPROCESSOR_DEFINITIONS = (
					"DEBUG=1",
					"$(inherited)",
				);
				INFOPLIST_FILE = FlappyTests/Info.plist;
				LD_RUNPATH_SEARCH_PATHS = "$(inherited) @executable_path/Frameworks @loader_path/Frameworks";
				PRODUCT_NAME = "$(TARGET_NAME)";
				TEST_HOST = "$(BUILT_PRODUCTS_DIR)/Flappy.app/Flappy";
			};
			name = Debug;
		};
		D766DB111B0CCEBB00FA3122 /* Release */ = {
			isa = XCBuildConfiguration;
			buildSettings = {
				BUNDLE_LOADER = "$(TEST_HOST)";
				FRAMEWORK_SEARCH_PATHS = (
					"$(SDKROOT)/Developer/Library/Frameworks",
					"$(inherited)",
				);
				INFOPLIST_FILE = FlappyTests/Info.plist;
				LD_RUNPATH_SEARCH_PATHS = "$(inherited) @executable_path/Frameworks @loader_path/Frameworks";
				PRODUCT_NAME = "$(TARGET_NAME)";
				TEST_HOST = "$(BUILT_PRODUCTS_DIR)/Flappy.app/Flappy";
			};
			name = Release;
		};
/* End XCBuildConfiguration section */

/* Begin XCConfigurationList section */
		D766DAE41B0CCEBA00FA3122 /* Build configuration list for PBXProject "Flappy" */ = {
			isa = XCConfigurationList;
			buildConfigurations = (
				D766DB0A1B0CCEBB00FA3122 /* Debug */,
				D766DB0B1B0CCEBB00FA3122 /* Release */,
			);
			defaultConfigurationIsVisible = 0;
			defaultConfigurationName = Release;
		};
		D766DB0C1B0CCEBB00FA3122 /* Build configuration list for PBXNativeTarget "Flappy" */ = {
			isa = XCConfigurationList;
			buildConfigurations = (
				D766DB0D1B0CCEBB00FA3122 /* Debug */,
				D766DB0E1B0CCEBB00FA3122 /* Release */,
			);
			defaultConfigurationIsVisible = 0;
		};
		D766DB0F1B0CCEBB00FA3122 /* Build configuration list for PBXNativeTarget "FlappyTests" */ = {
			isa = XCConfigurationList;
			buildConfigurations = (
				D766DB101B0CCEBB00FA3122 /* Debug */,
				D766DB111B0CCEBB00FA3122 /* Release */,
			);
			defaultConfigurationIsVisible = 0;
		};
/* End XCConfigurationList section */
	};
	rootObject = D766DAE11B0CCEBA00FA3122 /* Project object */;
}
